{
    "name": "elevate-wealth-management",
    "version": "0.0.1",
    "lockfileVersion": 3,
    "requires": true,
    "packages": {
        "": {
            "name": "elevate-wealth-management",
            "version": "0.0.1",
            "hasInstallScript": true,
            "engines": {
                "node": "20.x"
            }
        }
    }
}
